{
  "name": "trustcheckjs",
  "version": "1.0.4",
  "lockfileVersion": 3,
  "requires": true,
  "packages": {
    "": {
      "name": "trustcheckjs",
      "version": "1.0.4",
      "license": "ISC"
    },
    "C:/Users/sandi/AppData/Roaming/nvm/v18.14.0/node_modules/trustcheckjs": {
      "version": "1.0.3",
      "extraneous": true,
      "license": "ISC"
    }
  }
}
